
Microsoft Visual Studio Solution File, Format Version 12.00
# Visual Studio Version 17
VisualStudioVersion = 17.0.31919.166
MinimumVisualStudioVersion = 10.0.40219.1
Project("{FAE04EC0-301F-11D3-BF4B-00C04F79EFBC}") = "Calculator", "Calculator\Calculator.csproj", "{B10EEF08-DFDD-4068-90C8-56B7C57D1004}"
EndProject
Global
	GlobalSection(SolutionConfigurationPlatforms) = preSolution
		Debug|Any CPU = Debug|Any CPU
		Release|Any CPU = Release|Any CPU
	EndGlobalSection
	GlobalSection(ProjectConfigurationPlatforms) = postSolution
		{B10EEF08-DFDD-4068-90C8-56B7C57D1004}.Debug|Any CPU.ActiveCfg = Debug|Any CPU
		{B10EEF08-DFDD-4068-90C8-56B7C57D1004}.Debug|Any CPU.Build.0 = Debug|Any CPU
		{B10EEF08-DFDD-4068-90C8-56B7C57D1004}.Release|Any CPU.ActiveCfg = Release|Any CPU
		{B10EEF08-DFDD-4068-90C8-56B7C57D1004}.Release|Any CPU.Build.0 = Release|Any CPU
	EndGlobalSection
	GlobalSection(SolutionProperties) = preSolution
		HideSolutionNode = FALSE
	EndGlobalSection
	GlobalSection(ExtensibilityGlobals) = postSolution
		SolutionGuid = {BE3C8F47-D212-4F12-8564-3127C9445852}
	EndGlobalSection
EndGlobal
